// !$*UTF8*$!
{
	archiveVersion = 1;
	classes = {
	};
	objectVersion = 55;
	objects = {

/* Begin PBXBuildFile section */
		CF9159F72BFE334F005ABD3E /* AppDelegate.swift in Sources */ = {isa = PBXBuildFile; fileRef = CF9159F62BFE334F005ABD3E /* AppDelegate.swift */; };
		CF9159F92BFE334F005ABD3E /* SceneDelegate.swift in Sources */ = {isa = PBXBuildFile; fileRef = CF9159F82BFE334F005ABD3E /* SceneDelegate.swift */; };
		CF9159FB2BFE334F005ABD3E /* ViewController.swift in Sources */ = {isa = PBXBuildFile; fileRef = CF9159FA2BFE334F005ABD3E /* ViewController.swift */; };
		CF9159FE2BFE334F005ABD3E /* Main.storyboard in Resources */ = {isa = PBXBuildFile; fileRef = CF9159FC2BFE334F005ABD3E /* Main.storyboard */; };
		CF915A012BFE334F005ABD3E /* VillavicencioKardSoundBoard2.xcdatamodeld in Sources */ = {isa = PBXBuildFile; fileRef = CF9159FF2BFE334F005ABD3E /* VillavicencioKardSoundBoard2.xcdatamodeld */; };
		CF915A032BFE3350005ABD3E /* Assets.xcassets in Resources */ = {isa = PBXBuildFile; fileRef = CF915A022BFE3350005ABD3E /* Assets.xcassets */; };
		CF915A062BFE3350005ABD3E /* LaunchScreen.storyboard in Resources */ = {isa = PBXBuildFile; fileRef = CF915A042BFE3350005ABD3E /* LaunchScreen.storyboard */; };
/* End PBXBuildFile section */

/* Begin PBXFileReference section */
		CF9159F32BFE334F005ABD3E /* VillavicencioKardSoundBoard2.app */ = {isa = PBXFileReference; explicitFileType = wrapper.application; includeInIndex = 0; path = VillavicencioKardSoundBoard2.app; sourceTree = BUILT_PRODUCTS_DIR; };
		CF9159F62BFE334F005ABD3E /* AppDelegate.swift */ = {isa = PBXFileReference; lastKnownFileType = sourcecode.swift; path = AppDelegate.swift; sourceTree = "<group>"; };
		CF9159F82BFE334F005ABD3E /* SceneDelegate.swift */ = {isa = PBXFileReference; lastKnownFileType = sourcecode.swift; path = SceneDelegate.swift; sourceTree = "<group>"; };
		CF9159FA2BFE334F005ABD3E /* ViewController.swift */ = {isa = PBXFileReference; lastKnownFileType = sourcecode.swift; path = ViewController.swift; sourceTree = "<group>"; };
		CF9159FD2BFE334F005ABD3E /* Base */ = {isa = PBXFileReference; lastKnownFileType = file.storyboard; name = Base; path = Base.lproj/Main.storyboard; sourceTree = "<group>"; };
		CF915A002BFE334F005ABD3E /* VillavicencioKardSoundBoard2.xcdatamodel */ = {isa = PBXFileReference; lastKnownFileType = wrapper.xcdatamodel; path = VillavicencioKardSoundBoard2.xcdatamodel; sourceTree = "<group>"; };
		CF915A022BFE3350005ABD3E /* Assets.xcassets */ = {isa = PBXFileReference; lastKnownFileType = folder.assetcatalog; path = Assets.xcassets; sourceTree = "<group>"; };
		CF915A052BFE3350005ABD3E /* Base */ = {isa = PBXFileReference; lastKnownFileType = file.storyboard; name = Base; path = Base.lproj/LaunchScreen.storyboard; sourceTree = "<group>"; };
		CF915A072BFE3350005ABD3E /* Info.plist */ = {isa = PBXFileReference; lastKnownFileType = text.plist.xml; path = Info.plist; sourceTree = "<group>"; };
/* End PBXFileReference section */

/* Begin PBXFrameworksBuildPhase section */
		CF9159F02BFE334F005ABD3E /* Frameworks */ = {
			isa = PBXFrameworksBuildPhase;
			buildActionMask = 2147483647;
			files = (
			);
			runOnlyForDeploymentPostprocessing = 0;
		};
/* End PBXFrameworksBuildPhase section */

/* Begin PBXGroup section */
		CF9159EA2BFE334F005ABD3E = {
			isa = PBXGroup;
			children = (
				CF9159F52BFE334F005ABD3E /* VillavicencioKardSoundBoard2 */,
				CF9159F42BFE334F005ABD3E /* Products */,
			);
			sourceTree = "<group>";
		};
		CF9159F42BFE334F005ABD3E /* Products */ = {
			isa = PBXGroup;
			children = (
				CF9159F32BFE334F005ABD3E /* VillavicencioKardSoundBoard2.app */,
			);
			name = Products;
			sourceTree = "<group>";
		};
		CF9159F52BFE334F005ABD3E /* VillavicencioKardSoundBoard2 */ = {
			isa = PBXGroup;
			children = (
				CF9159F62BFE334F005ABD3E /* AppDelegate.swift */,
				CF9159F82BFE334F005ABD3E /* SceneDelegate.swift */,
				CF9159FA2BFE334F005ABD3E /* ViewController.swift */,
				CF9159FC2BFE334F005ABD3E /* Main.storyboard */,
				CF915A022BFE3350005ABD3E /* Assets.xcassets */,
				CF915A042BFE3350005ABD3E /* LaunchScreen.storyboard */,
				CF915A072BFE3350005ABD3E /* Info.plist */,
				CF9159FF2BFE334F005ABD3E /* VillavicencioKardSoundBoard2.xcdatamodeld */,
			);
			path = VillavicencioKardSoundBoard2;
			sourceTree = "<group>";
		};
/* End PBXGroup section */

/* Begin PBXNativeTarget section */
		CF9159F22BFE334F005ABD3E /* VillavicencioKardSoundBoard2 */ = {
			isa = PBXNativeTarget;
			buildConfigurationList = CF915A0A2BFE3350005ABD3E /* Build configuration list for PBXNativeTarget "VillavicencioKardSoundBoard2" */;
			buildPhases = (
				CF9159EF2BFE334F005ABD3E /* Sources */,
				CF9159F02BFE334F005ABD3E /* Frameworks */,
				CF9159F12BFE334F005ABD3E /* Resources */,
			);
			buildRules = (
			);
			dependencies = (
			);
			name = VillavicencioKardSoundBoard2;
			productName = VillavicencioKardSoundBoard2;
			productReference = CF9159F32BFE334F005ABD3E /* VillavicencioKardSoundBoard2.app */;
			productType = "com.apple.product-type.application";
		};
/* End PBXNativeTarget section */

/* Begin PBXProject section */
		CF9159EB2BFE334F005ABD3E /* Project object */ = {
			isa = PBXProject;
			attributes = {
				BuildIndependentTargetsInParallel = 1;
				LastSwiftUpdateCheck = 1340;
				LastUpgradeCheck = 1340;
				TargetAttributes = {
					CF9159F22BFE334F005ABD3E = {
						CreatedOnToolsVersion = 13.4.1;
					};
				};
			};
			buildConfigurationList = CF9159EE2BFE334F005ABD3E /* Build configuration list for PBXProject "VillavicencioKardSoundBoard2" */;
			compatibilityVersion = "Xcode 13.0";
			developmentRegion = en;
			hasScannedForEncodings = 0;
			knownRegions = (
				en,
				Base,
			);
			mainGroup = CF9159EA2BFE334F005ABD3E;
			productRefGroup = CF9159F42BFE334F005ABD3E /* Products */;
			projectDirPath = "";
			projectRoot = "";
			targets = (
				CF9159F22BFE334F005ABD3E /* VillavicencioKardSoundBoard2 */,
			);
		};
/* End PBXProject section */

/* Begin PBXResourcesBuildPhase section */
		CF9159F12BFE334F005ABD3E /* Resources */ = {
			isa = PBXResourcesBuildPhase;
			buildActionMask = 2147483647;
			files = (
				CF915A062BFE3350005ABD3E /* LaunchScreen.storyboard in Resources */,
				CF915A032BFE3350005ABD3E /* Assets.xcassets in Resources */,
				CF9159FE2BFE334F005ABD3E /* Main.storyboard in Resources */,
			);
			runOnlyForDeploymentPostprocessing = 0;
		};
/* End PBXResourcesBuildPhase section */

/* Begin PBXSourcesBuildPhase section */
		CF9159EF2BFE334F005ABD3E /* Sources */ = {
			isa = PBXSourcesBuildPhase;
			buildActionMask = 2147483647;
			files = (
				CF9159FB2BFE334F005ABD3E /* ViewController.swift in Sources */,
				CF9159F72BFE334F005ABD3E /* AppDelegate.swift in Sources */,
				CF915A012BFE334F005ABD3E /* VillavicencioKardSoundBoard2.xcdatamodeld in Sources */,
				CF9159F92BFE334F005ABD3E /* SceneDelegate.swift in Sources */,
			);
			runOnlyForDeploymentPostprocessing = 0;
		};
/* End PBXSourcesBuildPhase section */

/* Begin PBXVariantGroup section */
		CF9159FC2BFE334F005ABD3E /* Main.storyboard */ = {
			isa = PBXVariantGroup;
			children = (
				CF9159FD2BFE334F005ABD3E /* Base */,
			);
			name = Main.storyboard;
			sourceTree = "<group>";
		};
		CF915A042BFE3350005ABD3E /* LaunchScreen.storyboard */ = {
			isa = PBXVariantGroup;
			children = (
				CF915A052BFE3350005ABD3E /* Base */,
			);
			name = LaunchScreen.storyboard;
			sourceTree = "<group>";
		};
/* End PBXVariantGroup section */

/* Begin XCBuildConfiguration section */
		CF915A082BFE3350005ABD3E /* Debug */ = {
			isa = XCBuildConfiguration;
			buildSettings = {
				ALWAYS_SEARCH_USER_PATHS = NO;
				CLANG_ANALYZER_NONNULL = YES;
				CLANG_ANALYZER_NUMBER_OBJECT_CONVERSION = YES_AGGRESSIVE;
				CLANG_CXX_LANGUAGE_STANDARD = "gnu++17";
				CLANG_ENABLE_MODULES = YES;
				CLANG_ENABLE_OBJC_ARC = YES;
				CLANG_ENABLE_OBJC_WEAK = YES;
				CLANG_WARN_BLOCK_CAPTURE_AUTORELEASING = YES;
				CLANG_WARN_BOOL_CONVERSION = YES;
				CLANG_WARN_COMMA = YES;
				CLANG_WARN_CONSTANT_CONVERSION = YES;
				CLANG_WARN_DEPRECATED_OBJC_IMPLEMENTATIONS = YES;
				CLANG_WARN_DIRECT_OBJC_ISA_USAGE = YES_ERROR;
				CLANG_WARN_DOCUMENTATION_COMMENTS = YES;
				CLANG_WARN_EMPTY_BODY = YES;
				CLANG_WARN_ENUM_CONVERSION = YES;
				CLANG_WARN_INFINITE_RECURSION = YES;
				CLANG_WARN_INT_CONVERSION = YES;
				CLANG_WARN_NON_LITERAL_NULL_CONVERSION = YES;
				CLANG_WARN_OBJC_IMPLICIT_RETAIN_SELF = YES;
				CLANG_WARN_OBJC_LITERAL_CONVERSION = YES;
				CLANG_WARN_OBJC_ROOT_CLASS = YES_ERROR;
				CLANG_WARN_QUOTED_INCLUDE_IN_FRAMEWORK_HEADER = YES;
				CLANG_WARN_RANGE_LOOP_ANALYSIS = YES;
				CLANG_WARN_STRICT_PROTOTYPES = YES;
				CLANG_WARN_SUSPICIOUS_MOVE = YES;
				CLANG_WARN_UNGUARDED_AVAILABILITY = YES_AGGRESSIVE;
				CLANG_WARN_UNREACHABLE_CODE = YES;
				CLANG_WARN__DUPLICATE_METHOD_MATCH = YES;
				COPY_PHASE_STRIP = NO;
				DEBUG_INFORMATION_FORMAT = dwarf;
				ENABLE_STRICT_OBJC_MSGSEND = YES;
				ENABLE_TESTABILITY = YES;
				GCC_C_LANGUAGE_STANDARD = gnu11;
				GCC_DYNAMIC_NO_PIC = NO;
				GCC_NO_COMMON_BLOCKS = YES;
				GCC_OPTIMIZATION_LEVEL = 0;
				GCC_PREPROCESSOR_DEFINITIONS = (
					"DEBUG=1",
					"$(inherited)",
				);
				GCC_WARN_64_TO_32_BIT_CONVERSION = YES;
				GCC_WARN_ABOUT_RETURN_TYPE = YES_ERROR;
				GCC_WARN_UNDECLARED_SELECTOR = YES;
				GCC_WARN_UNINITIALIZED_AUTOS = YES_AGGRESSIVE;
				GCC_WARN_UNUSED_FUNCTION = YES;
				GCC_WARN_UNUSED_VARIABLE = YES;
				IPHONEOS_DEPLOYMENT_TARGET = 15.5;
				MTL_ENABLE_DEBUG_INFO = INCLUDE_SOURCE;
				MTL_FAST_MATH = YES;
				ONLY_ACTIVE_ARCH = YES;
				SDKROOT = iphoneos;
				SWIFT_ACTIVE_COMPILATION_CONDITIONS = DEBUG;
				SWIFT_OPTIMIZATION_LEVEL = "-Onone";
			};
			name = Debug;
		};
		CF915A092BFE3350005ABD3E /* Release */ = {
			isa = XCBuildConfiguration;
			buildSettings = {
				ALWAYS_SEARCH_USER_PATHS = NO;
				CLANG_ANALYZER_NONNULL = YES;
				CLANG_ANALYZER_NUMBER_OBJECT_CONVERSION = YES_AGGRESSIVE;
				CLANG_CXX_LANGUAGE_STANDARD = "gnu++17";
				CLANG_ENABLE_MODULES = YES;
				CLANG_ENABLE_OBJC_ARC = YES;
				CLANG_ENABLE_OBJC_WEAK = YES;
				CLANG_WARN_BLOCK_CAPTURE_AUTORELEASING = YES;
				CLANG_WARN_BOOL_CONVERSION = YES;
				CLANG_WARN_COMMA = YES;
				CLANG_WARN_CONSTANT_CONVERSION = YES;
				CLANG_WARN_DEPRECATED_OBJC_IMPLEMENTATIONS = YES;
				CLANG_WARN_DIRECT_OBJC_ISA_USAGE = YES_ERROR;
				CLANG_WARN_DOCUMENTATION_COMMENTS = YES;
				CLANG_WARN_EMPTY_BODY = YES;
				CLANG_WARN_ENUM_CONVERSION = YES;
				CLANG_WARN_INFINITE_RECURSION = YES;
				CLANG_WARN_INT_CONVERSION = YES;
				CLANG_WARN_NON_LITERAL_NULL_CONVERSION = YES;
				CLANG_WARN_OBJC_IMPLICIT_RETAIN_SELF = YES;
				CLANG_WARN_OBJC_LITERAL_CONVERSION = YES;
				CLANG_WARN_OBJC_ROOT_CLASS = YES_ERROR;
				CLANG_WARN_QUOTED_INCLUDE_IN_FRAMEWORK_HEADER = YES;
				CLANG_WARN_RANGE_LOOP_ANALYSIS = YES;
				CLANG_WARN_STRICT_PROTOTYPES = YES;
				CLANG_WARN_SUSPICIOUS_MOVE = YES;
				CLANG_WARN_UNGUARDED_AVAILABILITY = YES_AGGRESSIVE;
				CLANG_WARN_UNREACHABLE_CODE = YES;
				CLANG_WARN__DUPLICATE_METHOD_MATCH = YES;
				COPY_PHASE_STRIP = NO;
				DEBUG_INFORMATION_FORMAT = "dwarf-with-dsym";
				ENABLE_NS_ASSERTIONS = NO;
				ENABLE_STRICT_OBJC_MSGSEND = YES;
				GCC_C_LANGUAGE_STANDARD = gnu11;
				GCC_NO_COMMON_BLOCKS = YES;
				GCC_WARN_64_TO_32_BIT_CONVERSION = YES;
				GCC_WARN_ABOUT_RETURN_TYPE = YES_ERROR;
				GCC_WARN_UNDECLARED_SELECTOR = YES;
				GCC_WARN_UNINITIALIZED_AUTOS = YES_AGGRESSIVE;
				GCC_WARN_UNUSED_FUNCTION = YES;
				GCC_WARN_UNUSED_VARIABLE = YES;
				IPHONEOS_DEPLOYMENT_TARGET = 15.5;
				MTL_ENABLE_DEBUG_INFO = NO;
				MTL_FAST_MATH = YES;
				SDKROOT = iphoneos;
				SWIFT_COMPILATION_MODE = wholemodule;
				SWIFT_OPTIMIZATION_LEVEL = "-O";
				VALIDATE_PRODUCT = YES;
			};
			name = Release;
		};
		CF915A0B2BFE3350005ABD3E /* Debug */ = {
			isa = XCBuildConfiguration;
			buildSettings = {
				ASSETCATALOG_COMPILER_APPICON_NAME = AppIcon;
				ASSETCATALOG_COMPILER_GLOBAL_ACCENT_COLOR_NAME = AccentColor;
				CODE_SIGN_STYLE = Automatic;
				CURRENT_PROJECT_VERSION = 1;
				GENERATE_INFOPLIST_FILE = YES;
				INFOPLIST_FILE = VillavicencioKardSoundBoard2/Info.plist;
				INFOPLIST_KEY_UIApplicationSupportsIndirectInputEvents = YES;
				INFOPLIST_KEY_UILaunchStoryboardName = LaunchScreen;
				INFOPLIST_KEY_UIMainStoryboardFile = Main;
				INFOPLIST_KEY_UISupportedInterfaceOrientations_iPad = "UIInterfaceOrientationPortrait UIInterfaceOrientationPortraitUpsideDown UIInterfaceOrientationLandscapeLeft UIInterfaceOrientationLandscapeRight";
				INFOPLIST_KEY_UISupportedInterfaceOrientations_iPhone = "UIInterfaceOrientationPortrait UIInterfaceOrientationLandscapeLeft UIInterfaceOrientationLandscapeRight";
				LD_RUNPATH_SEARCH_PATHS = (
					"$(inherited)",
					"@executable_path/Frameworks",
				);
				MARKETING_VERSION = 1.0;
				PRODUCT_BUNDLE_IDENTIFIER = deah.VillavicencioKardSoundBoard2;
				PRODUCT_NAME = "$(TARGET_NAME)";
				SWIFT_EMIT_LOC_STRINGS = YES;
				SWIFT_VERSION = 5.0;
				TARGETED_DEVICE_FAMILY = "1,2";
			};
			name = Debug;
		};
		CF915A0C2BFE3350005ABD3E /* Release */ = {
			isa = XCBuildConfiguration;
			buildSettings = {
				ASSETCATALOG_COMPILER_APPICON_NAME = AppIcon;
				ASSETCATALOG_COMPILER_GLOBAL_ACCENT_COLOR_NAME = AccentColor;
				CODE_SIGN_STYLE = Automatic;
				CURRENT_PROJECT_VERSION = 1;
				GENERATE_INFOPLIST_FILE = YES;
				INFOPLIST_FILE = VillavicencioKardSoundBoard2/Info.plist;
				INFOPLIST_KEY_UIApplicationSupportsIndirectInputEvents = YES;
				INFOPLIST_KEY_UILaunchStoryboardName = LaunchScreen;
				INFOPLIST_KEY_UIMainStoryboardFile = Main;
				INFOPLIST_KEY_UISupportedInterfaceOrientations_iPad = "UIInterfaceOrientationPortrait UIInterfaceOrientationPortraitUpsideDown UIInterfaceOrientationLandscapeLeft UIInterfaceOrientationLandscapeRight";
				INFOPLIST_KEY_UISupportedInterfaceOrientations_iPhone = "UIInterfaceOrientationPortrait UIInterfaceOrientationLandscapeLeft UIInterfaceOrientationLandscapeRight";
				LD_RUNPATH_SEARCH_PATHS = (
					"$(inherited)",
					"@executable_path/Frameworks",
				);
				MARKETING_VERSION = 1.0;
				PRODUCT_BUNDLE_IDENTIFIER = deah.VillavicencioKardSoundBoard2;
				PRODUCT_NAME = "$(TARGET_NAME)";
				SWIFT_EMIT_LOC_STRINGS = YES;
				SWIFT_VERSION = 5.0;
				TARGETED_DEVICE_FAMILY = "1,2";
			};
			name = Release;
		};
/* End XCBuildConfiguration section */

/* Begin XCConfigurationList section */
		CF9159EE2BFE334F005ABD3E /* Build configuration list for PBXProject "VillavicencioKardSoundBoard2" */ = {
			isa = XCConfigurationList;
			buildConfigurations = (
				CF915A082BFE3350005ABD3E /* Debug */,
				CF915A092BFE3350005ABD3E /* Release */,
			);
			defaultConfigurationIsVisible = 0;
			defaultConfigurationName = Release;
		};
		CF915A0A2BFE3350005ABD3E /* Build configuration list for PBXNativeTarget "VillavicencioKardSoundBoard2" */ = {
			isa = XCConfigurationList;
			buildConfigurations = (
				CF915A0B2BFE3350005ABD3E /* Debug */,
				CF915A0C2BFE3350005ABD3E /* Release */,
			);
			defaultConfigurationIsVisible = 0;
			defaultConfigurationName = Release;
		};
/* End XCConfigurationList section */

/* Begin XCVersionGroup section */
		CF9159FF2BFE334F005ABD3E /* VillavicencioKardSoundBoard2.xcdatamodeld */ = {
			isa = XCVersionGroup;
			children = (
				CF915A002BFE334F005ABD3E /* VillavicencioKardSoundBoard2.xcdatamodel */,
			);
			currentVersion = CF915A002BFE334F005ABD3E /* VillavicencioKardSoundBoard2.xcdatamodel */;
			path = VillavicencioKardSoundBoard2.xcdatamodeld;
			sourceTree = "<group>";
			versionGroupType = wrapper.xcdatamodel;
		};
/* End XCVersionGroup section */
	};
	rootObject = CF9159EB2BFE334F005ABD3E /* Project object */;
}
